
Microsoft Visual Studio Solution File, Format Version 12.00
# Visual Studio Version 16
VisualStudioVersion = 16.0.29613.14
MinimumVisualStudioVersion = 10.0.40219.1
Project("{9A19103F-16F7-4668-BE54-9A1E7A4F7556}") = "FileReader.Lib", "FileReader.Lib\FileReader.Lib.csproj", "{644078DE-43C6-4ED6-AF23-FE8650E22F62}"
EndProject
Project("{9A19103F-16F7-4668-BE54-9A1E7A4F7556}") = "FileReader.Lib.Tests", "FileReader.Lib.Tests\FileReader.Lib.Tests.csproj", "{6C22D502-A9D8-4EBC-A4C7-6C9A24A3CFB7}"
EndProject
Project("{FAE04EC0-301F-11D3-BF4B-00C04F79EFBC}") = "FileReader.Gui", "FileReader.Gui\FileReader.Gui.csproj", "{03B685FB-9D98-4386-80F5-26D0C4D6C771}"
EndProject
Global
	GlobalSection(SolutionConfigurationPlatforms) = preSolution
		Debug|Any CPU = Debug|Any CPU
		Release|Any CPU = Release|Any CPU
	EndGlobalSection
	GlobalSection(ProjectConfigurationPlatforms) = postSolution
		{644078DE-43C6-4ED6-AF23-FE8650E22F62}.Debug|Any CPU.ActiveCfg = Debug|Any CPU
		{644078DE-43C6-4ED6-AF23-FE8650E22F62}.Debug|Any CPU.Build.0 = Debug|Any CPU
		{644078DE-43C6-4ED6-AF23-FE8650E22F62}.Release|Any CPU.ActiveCfg = Release|Any CPU
		{644078DE-43C6-4ED6-AF23-FE8650E22F62}.Release|Any CPU.Build.0 = Release|Any CPU
		{6C22D502-A9D8-4EBC-A4C7-6C9A24A3CFB7}.Debug|Any CPU.ActiveCfg = Debug|Any CPU
		{6C22D502-A9D8-4EBC-A4C7-6C9A24A3CFB7}.Debug|Any CPU.Build.0 = Debug|Any CPU
		{6C22D502-A9D8-4EBC-A4C7-6C9A24A3CFB7}.Release|Any CPU.ActiveCfg = Release|Any CPU
		{6C22D502-A9D8-4EBC-A4C7-6C9A24A3CFB7}.Release|Any CPU.Build.0 = Release|Any CPU
		{03B685FB-9D98-4386-80F5-26D0C4D6C771}.Debug|Any CPU.ActiveCfg = Debug|Any CPU
		{03B685FB-9D98-4386-80F5-26D0C4D6C771}.Debug|Any CPU.Build.0 = Debug|Any CPU
		{03B685FB-9D98-4386-80F5-26D0C4D6C771}.Release|Any CPU.ActiveCfg = Release|Any CPU
		{03B685FB-9D98-4386-80F5-26D0C4D6C771}.Release|Any CPU.Build.0 = Release|Any CPU
	EndGlobalSection
	GlobalSection(SolutionProperties) = preSolution
		HideSolutionNode = FALSE
	EndGlobalSection
	GlobalSection(ExtensibilityGlobals) = postSolution
		SolutionGuid = {A4C667F1-17D9-45A7-A976-7A3E6C3BB7E5}
	EndGlobalSection
EndGlobal
